{
  "name": "typescript_modules",
  "version": "1.0.0",
  "lockfileVersion": 2,
  "requires": true,
  "packages": {
    "": {
      "name": "typescript_modules",
      "version": "1.0.0",
      "license": "ISC",
      "dependencies": {
        "stringmodule": "file:stringmodule"
      }
    },
    "node_modules/stringmodule": {
      "resolved": "stringmodule",
      "link": true
    },
    "stringmodule": {
      "version": "1.0.0",
      "license": "ISC"
    }
  },
  "dependencies": {
    "stringmodule": {
      "version": "file:stringmodule"
    }
  }
}
